{
  "requires": true,
  "lockfileVersion": 1,
  "dependencies": {
    "yhongm_rv.js": {
      "version": "1.0.3",
      "resolved": "https://registry.npmjs.org/yhongm_rv.js/-/yhongm_rv.js-1.0.3.tgz",
      "integrity": "sha512-nvlrxHLgLIcvNqZrsh4jz8sKoCGk5bIP2JwYCjxjCkRR5uTm7CparjlXKgOiQjsOR+Zh1Q1nf6IXV4FEHIEeeQ=="
    }
  }
}
